
Microsoft Visual Studio Solution File, Format Version 12.00
# Visual Studio Version 16
VisualStudioVersion = 16.0.31829.152
MinimumVisualStudioVersion = 10.0.40219.1
Project("{2150E333-8FDC-42A3-9474-1A3956D46DE8}") = "Services", "Services", "{6F83CC17-6451-4958-8613-E545DA404415}"
EndProject
Project("{2150E333-8FDC-42A3-9474-1A3956D46DE8}") = "Catalog", "Catalog", "{95F1C01C-5F79-4461-843F-00A72940F8B0}"
EndProject
Project("{FAE04EC0-301F-11D3-BF4B-00C04F79EFBC}") = "FreeCourse.Services.Catalog", "Services\Catalog\FreeCourse.Services.Catalog\FreeCourse.Services.Catalog.csproj", "{F8B5054B-2C31-4A1C-A1A8-53799B94A313}"
EndProject
Global
	GlobalSection(SolutionConfigurationPlatforms) = preSolution
		Debug|Any CPU = Debug|Any CPU
		Release|Any CPU = Release|Any CPU
	EndGlobalSection
	GlobalSection(ProjectConfigurationPlatforms) = postSolution
		{F8B5054B-2C31-4A1C-A1A8-53799B94A313}.Debug|Any CPU.ActiveCfg = Debug|Any CPU
		{F8B5054B-2C31-4A1C-A1A8-53799B94A313}.Debug|Any CPU.Build.0 = Debug|Any CPU
		{F8B5054B-2C31-4A1C-A1A8-53799B94A313}.Release|Any CPU.ActiveCfg = Release|Any CPU
		{F8B5054B-2C31-4A1C-A1A8-53799B94A313}.Release|Any CPU.Build.0 = Release|Any CPU
	EndGlobalSection
	GlobalSection(SolutionProperties) = preSolution
		HideSolutionNode = FALSE
	EndGlobalSection
	GlobalSection(NestedProjects) = preSolution
		{95F1C01C-5F79-4461-843F-00A72940F8B0} = {6F83CC17-6451-4958-8613-E545DA404415}
		{F8B5054B-2C31-4A1C-A1A8-53799B94A313} = {95F1C01C-5F79-4461-843F-00A72940F8B0}
	EndGlobalSection
	GlobalSection(ExtensibilityGlobals) = postSolution
		SolutionGuid = {1873477E-EE12-4247-B0D3-3B97F8442216}
	EndGlobalSection
EndGlobal
