
Microsoft Visual Studio Solution File, Format Version 12.00
# Visual Studio Version 16
VisualStudioVersion = 16.0.31829.152
MinimumVisualStudioVersion = 10.0.40219.1
Project("{2150E333-8FDC-42A3-9474-1A3956D46DE8}") = "Services", "Services", "{6F83CC17-6451-4958-8613-E545DA404415}"
EndProject
Project("{2150E333-8FDC-42A3-9474-1A3956D46DE8}") = "Catalog", "Catalog", "{95F1C01C-5F79-4461-843F-00A72940F8B0}"
EndProject
Project("{9A19103F-16F7-4668-BE54-9A1E7A4F7556}") = "FreeCourse.Services.Catalog", "Services\Catalog\FreeCourse.Services.Catalog\FreeCourse.Services.Catalog.csproj", "{F8B5054B-2C31-4A1C-A1A8-53799B94A313}"
EndProject
Project("{2150E333-8FDC-42A3-9474-1A3956D46DE8}") = "Shared", "Shared", "{42AA3B49-7D89-48EA-8BA1-A85A551B7BE4}"
EndProject
Project("{9A19103F-16F7-4668-BE54-9A1E7A4F7556}") = "Shared", "Shared\Shared\Shared.csproj", "{77913E72-DEDE-42C8-93A2-D1EF9725FCEF}"
EndProject
Project("{2150E333-8FDC-42A3-9474-1A3956D46DE8}") = "IdentityServer", "IdentityServer", "{704B20B1-4D8E-4C6E-99FE-B8FB19F006D8}"
EndProject
Project("{9A19103F-16F7-4668-BE54-9A1E7A4F7556}") = "FreeCourse.IdentityServer", "IdentityServer\FreeCourse.IdentityServer\FreeCourse.IdentityServer.csproj", "{1896EF09-E8E0-4E15-9B92-2BA4A16AE725}"
EndProject
Project("{2150E333-8FDC-42A3-9474-1A3956D46DE8}") = "PhotoStock", "PhotoStock", "{871CA3E0-1D66-406A-99D6-EE03D6343D6B}"
EndProject
Project("{9A19103F-16F7-4668-BE54-9A1E7A4F7556}") = "FreeCourse.Services.PhotoStock", "Services\PhotoStock\FreeCourse.Services.PhotoStock\FreeCourse.Services.PhotoStock.csproj", "{217FAC52-4BA0-474F-9D72-113D600B3933}"
EndProject
Project("{2150E333-8FDC-42A3-9474-1A3956D46DE8}") = "Basket", "Basket", "{66590C74-E88F-4CF1-A07A-DC34178264FC}"
EndProject
Project("{FAE04EC0-301F-11D3-BF4B-00C04F79EFBC}") = "FreeCourse.Services.Basket", "Services\Basket\FreeCourse.Services.Basket\FreeCourse.Services.Basket.csproj", "{0D8500A7-6940-4910-803B-D3D250FF685B}"
EndProject
Global
	GlobalSection(SolutionConfigurationPlatforms) = preSolution
		Debug|Any CPU = Debug|Any CPU
		Release|Any CPU = Release|Any CPU
	EndGlobalSection
	GlobalSection(ProjectConfigurationPlatforms) = postSolution
		{F8B5054B-2C31-4A1C-A1A8-53799B94A313}.Debug|Any CPU.ActiveCfg = Debug|Any CPU
		{F8B5054B-2C31-4A1C-A1A8-53799B94A313}.Debug|Any CPU.Build.0 = Debug|Any CPU
		{F8B5054B-2C31-4A1C-A1A8-53799B94A313}.Release|Any CPU.ActiveCfg = Release|Any CPU
		{F8B5054B-2C31-4A1C-A1A8-53799B94A313}.Release|Any CPU.Build.0 = Release|Any CPU
		{77913E72-DEDE-42C8-93A2-D1EF9725FCEF}.Debug|Any CPU.ActiveCfg = Debug|Any CPU
		{77913E72-DEDE-42C8-93A2-D1EF9725FCEF}.Debug|Any CPU.Build.0 = Debug|Any CPU
		{77913E72-DEDE-42C8-93A2-D1EF9725FCEF}.Release|Any CPU.ActiveCfg = Release|Any CPU
		{77913E72-DEDE-42C8-93A2-D1EF9725FCEF}.Release|Any CPU.Build.0 = Release|Any CPU
		{1896EF09-E8E0-4E15-9B92-2BA4A16AE725}.Debug|Any CPU.ActiveCfg = Debug|Any CPU
		{1896EF09-E8E0-4E15-9B92-2BA4A16AE725}.Debug|Any CPU.Build.0 = Debug|Any CPU
		{1896EF09-E8E0-4E15-9B92-2BA4A16AE725}.Release|Any CPU.ActiveCfg = Release|Any CPU
		{1896EF09-E8E0-4E15-9B92-2BA4A16AE725}.Release|Any CPU.Build.0 = Release|Any CPU
		{217FAC52-4BA0-474F-9D72-113D600B3933}.Debug|Any CPU.ActiveCfg = Debug|Any CPU
		{217FAC52-4BA0-474F-9D72-113D600B3933}.Debug|Any CPU.Build.0 = Debug|Any CPU
		{217FAC52-4BA0-474F-9D72-113D600B3933}.Release|Any CPU.ActiveCfg = Release|Any CPU
		{217FAC52-4BA0-474F-9D72-113D600B3933}.Release|Any CPU.Build.0 = Release|Any CPU
		{0D8500A7-6940-4910-803B-D3D250FF685B}.Debug|Any CPU.ActiveCfg = Debug|Any CPU
		{0D8500A7-6940-4910-803B-D3D250FF685B}.Debug|Any CPU.Build.0 = Debug|Any CPU
		{0D8500A7-6940-4910-803B-D3D250FF685B}.Release|Any CPU.ActiveCfg = Release|Any CPU
		{0D8500A7-6940-4910-803B-D3D250FF685B}.Release|Any CPU.Build.0 = Release|Any CPU
	EndGlobalSection
	GlobalSection(SolutionProperties) = preSolution
		HideSolutionNode = FALSE
	EndGlobalSection
	GlobalSection(NestedProjects) = preSolution
		{95F1C01C-5F79-4461-843F-00A72940F8B0} = {6F83CC17-6451-4958-8613-E545DA404415}
		{F8B5054B-2C31-4A1C-A1A8-53799B94A313} = {95F1C01C-5F79-4461-843F-00A72940F8B0}
		{77913E72-DEDE-42C8-93A2-D1EF9725FCEF} = {42AA3B49-7D89-48EA-8BA1-A85A551B7BE4}
		{1896EF09-E8E0-4E15-9B92-2BA4A16AE725} = {704B20B1-4D8E-4C6E-99FE-B8FB19F006D8}
		{871CA3E0-1D66-406A-99D6-EE03D6343D6B} = {6F83CC17-6451-4958-8613-E545DA404415}
		{217FAC52-4BA0-474F-9D72-113D600B3933} = {871CA3E0-1D66-406A-99D6-EE03D6343D6B}
		{66590C74-E88F-4CF1-A07A-DC34178264FC} = {6F83CC17-6451-4958-8613-E545DA404415}
		{0D8500A7-6940-4910-803B-D3D250FF685B} = {66590C74-E88F-4CF1-A07A-DC34178264FC}
	EndGlobalSection
	GlobalSection(ExtensibilityGlobals) = postSolution
		SolutionGuid = {1873477E-EE12-4247-B0D3-3B97F8442216}
	EndGlobalSection
EndGlobal
